
Microsoft Visual Studio Solution File, Format Version 12.00
Project("{FAE04EC0-301F-11D3-BF4B-00C04F79EFBC}") = "Envis10n.TelNet.Tests", "Envis10n.TelNet.Tests\Envis10n.TelNet.Tests.csproj", "{244634E6-EC3C-4A37-9E09-9BB1082F65CD}"
EndProject
Project("{FAE04EC0-301F-11D3-BF4B-00C04F79EFBC}") = "Envis10n.TelNet", "Envis10n.TelNet\Envis10n.TelNet.csproj", "{CDE84074-5817-4CA8-B438-592F99EF432F}"
EndProject
Global
	GlobalSection(SolutionConfigurationPlatforms) = preSolution
		Debug|Any CPU = Debug|Any CPU
		Release|Any CPU = Release|Any CPU
	EndGlobalSection
	GlobalSection(ProjectConfigurationPlatforms) = postSolution
		{244634E6-EC3C-4A37-9E09-9BB1082F65CD}.Debug|Any CPU.ActiveCfg = Debug|Any CPU
		{244634E6-EC3C-4A37-9E09-9BB1082F65CD}.Debug|Any CPU.Build.0 = Debug|Any CPU
		{244634E6-EC3C-4A37-9E09-9BB1082F65CD}.Release|Any CPU.ActiveCfg = Release|Any CPU
		{244634E6-EC3C-4A37-9E09-9BB1082F65CD}.Release|Any CPU.Build.0 = Release|Any CPU
		{CDE84074-5817-4CA8-B438-592F99EF432F}.Debug|Any CPU.ActiveCfg = Debug|Any CPU
		{CDE84074-5817-4CA8-B438-592F99EF432F}.Debug|Any CPU.Build.0 = Debug|Any CPU
		{CDE84074-5817-4CA8-B438-592F99EF432F}.Release|Any CPU.ActiveCfg = Release|Any CPU
		{CDE84074-5817-4CA8-B438-592F99EF432F}.Release|Any CPU.Build.0 = Release|Any CPU
	EndGlobalSection
EndGlobal
